
Microsoft Visual Studio Solution File, Format Version 12.00
# Visual Studio Version 17
VisualStudioVersion = 17.4.33205.214
MinimumVisualStudioVersion = 10.0.40219.1
Project("{9A19103F-16F7-4668-BE54-9A1E7A4F7556}") = "FristConsoleApp", "FristConsoleApp\FristConsoleApp.csproj", "{44084795-17B4-4864-B120-B22DDC66F6F5}"
EndProject
Project("{9A19103F-16F7-4668-BE54-9A1E7A4F7556}") = "SimpleMathLibrary", "SimpleMathLibrary\SimpleMathLibrary.csproj", "{D064272E-A9B1-4A19-B092-6BBA9854471E}"
EndProject
Project("{9A19103F-16F7-4668-BE54-9A1E7A4F7556}") = "Reference Notes and Labs", "Reference Notes and Labs\Reference Notes and Labs.csproj", "{1DC9CBA5-E148-4CA0-A8E5-E640B509CBFD}"
EndProject
Project("{FAE04EC0-301F-11D3-BF4B-00C04F79EFBC}") = "TrainerTraineeApp", "TrainerTraineeApp\TrainerTraineeApp.csproj", "{4754C437-D776-490A-9205-4B6F56DBFF7B}"
EndProject
Global
	GlobalSection(SolutionConfigurationPlatforms) = preSolution
		Debug|Any CPU = Debug|Any CPU
		Release|Any CPU = Release|Any CPU
	EndGlobalSection
	GlobalSection(ProjectConfigurationPlatforms) = postSolution
		{44084795-17B4-4864-B120-B22DDC66F6F5}.Debug|Any CPU.ActiveCfg = Debug|Any CPU
		{44084795-17B4-4864-B120-B22DDC66F6F5}.Debug|Any CPU.Build.0 = Debug|Any CPU
		{44084795-17B4-4864-B120-B22DDC66F6F5}.Release|Any CPU.ActiveCfg = Release|Any CPU
		{44084795-17B4-4864-B120-B22DDC66F6F5}.Release|Any CPU.Build.0 = Release|Any CPU
		{D064272E-A9B1-4A19-B092-6BBA9854471E}.Debug|Any CPU.ActiveCfg = Debug|Any CPU
		{D064272E-A9B1-4A19-B092-6BBA9854471E}.Debug|Any CPU.Build.0 = Debug|Any CPU
		{D064272E-A9B1-4A19-B092-6BBA9854471E}.Release|Any CPU.ActiveCfg = Release|Any CPU
		{D064272E-A9B1-4A19-B092-6BBA9854471E}.Release|Any CPU.Build.0 = Release|Any CPU
		{1DC9CBA5-E148-4CA0-A8E5-E640B509CBFD}.Debug|Any CPU.ActiveCfg = Debug|Any CPU
		{1DC9CBA5-E148-4CA0-A8E5-E640B509CBFD}.Debug|Any CPU.Build.0 = Debug|Any CPU
		{1DC9CBA5-E148-4CA0-A8E5-E640B509CBFD}.Release|Any CPU.ActiveCfg = Release|Any CPU
		{1DC9CBA5-E148-4CA0-A8E5-E640B509CBFD}.Release|Any CPU.Build.0 = Release|Any CPU
		{4754C437-D776-490A-9205-4B6F56DBFF7B}.Debug|Any CPU.ActiveCfg = Debug|Any CPU
		{4754C437-D776-490A-9205-4B6F56DBFF7B}.Debug|Any CPU.Build.0 = Debug|Any CPU
		{4754C437-D776-490A-9205-4B6F56DBFF7B}.Release|Any CPU.ActiveCfg = Release|Any CPU
		{4754C437-D776-490A-9205-4B6F56DBFF7B}.Release|Any CPU.Build.0 = Release|Any CPU
	EndGlobalSection
	GlobalSection(SolutionProperties) = preSolution
		HideSolutionNode = FALSE
	EndGlobalSection
	GlobalSection(ExtensibilityGlobals) = postSolution
		SolutionGuid = {31468EB6-2DB2-40A7-8301-CFC60DF1E488}
	EndGlobalSection
EndGlobal
