
Microsoft Visual Studio Solution File, Format Version 12.00
# Visual Studio Version 17
VisualStudioVersion = 17.4.33205.214
MinimumVisualStudioVersion = 10.0.40219.1
Project("{9A19103F-16F7-4668-BE54-9A1E7A4F7556}") = "FristConsoleApp", "FristConsoleApp\FristConsoleApp.csproj", "{44084795-17B4-4864-B120-B22DDC66F6F5}"
EndProject
Project("{9A19103F-16F7-4668-BE54-9A1E7A4F7556}") = "SimpleMathLibrary", "SimpleMathLibrary\SimpleMathLibrary.csproj", "{D064272E-A9B1-4A19-B092-6BBA9854471E}"
EndProject
Project("{9A19103F-16F7-4668-BE54-9A1E7A4F7556}") = "Reference Notes and Labs", "Reference Notes and Labs\Reference Notes and Labs.csproj", "{1DC9CBA5-E148-4CA0-A8E5-E640B509CBFD}"
EndProject
Project("{9A19103F-16F7-4668-BE54-9A1E7A4F7556}") = "TrainerTraineeApp", "TrainerTraineeApp\TrainerTraineeApp.csproj", "{4754C437-D776-490A-9205-4B6F56DBFF7B}"
EndProject
Project("{9A19103F-16F7-4668-BE54-9A1E7A4F7556}") = "OOConceptsDemo", "OOConceptsDemo\OOConceptsDemo.csproj", "{59504620-5C70-4222-B2FC-EE0075D20BA2}"
EndProject
Project("{9A19103F-16F7-4668-BE54-9A1E7A4F7556}") = "MemManagementDemo", "MemManagementDemo\MemManagementDemo.csproj", "{1A4835E5-2DF9-4E32-B534-71F052FAA007}"
EndProject
Project("{9A19103F-16F7-4668-BE54-9A1E7A4F7556}") = "IDELangDemo", "IDELangDemo\IDELangDemo.csproj", "{714BF950-B662-4895-A261-44C7C4468F65}"
EndProject
Project("{9A19103F-16F7-4668-BE54-9A1E7A4F7556}") = "ExceptionsDemo", "ExceptionsDemo\ExceptionsDemo.csproj", "{32E60E6D-94E7-4F11-9AFA-A42844B180A5}"
EndProject
Project("{2150E333-8FDC-42A3-9474-1A3956D46DE8}") = "Unit Testing Demo", "Unit Testing Demo", "{428F19A0-CB9B-458A-B3D6-F56F2E3FB979}"
EndProject
Project("{9A19103F-16F7-4668-BE54-9A1E7A4F7556}") = "AccountManagementLibrary", "AccountManagementLibrary\AccountManagementLibrary.csproj", "{7864277D-4CB8-4469-85A4-207E41D4139B}"
EndProject
Project("{9A19103F-16F7-4668-BE54-9A1E7A4F7556}") = "AccountManagementLibrary.TestProject", "AccountManagementLibrary.TestProject\AccountManagementLibrary.TestProject.csproj", "{175486C9-F879-46DD-A232-36889CBEC031}"
EndProject
Project("{2150E333-8FDC-42A3-9474-1A3956D46DE8}") = "Delegates Demo", "Delegates Demo", "{207A9831-40C4-4AB2-94E7-F0701165BD46}"
EndProject
Project("{9A19103F-16F7-4668-BE54-9A1E7A4F7556}") = "DelegatesDemo1", "DelegatesDemo1\DelegatesDemo1.csproj", "{7F80EBA3-4183-4307-8B44-254A3733D13F}"
EndProject
Project("{9A19103F-16F7-4668-BE54-9A1E7A4F7556}") = "DelegatesDemo2", "DelegatesDemo2\DelegatesDemo2.csproj", "{C0480B14-CDC7-4CAF-B6DE-FBD8AA6A9DE1}"
EndProject
Project("{9A19103F-16F7-4668-BE54-9A1E7A4F7556}") = "DelegatesDemo3", "DelegatesDemo3\DelegatesDemo3.csproj", "{DC5EE36A-17D4-445F-BC43-0BF2981E9F91}"
EndProject
Project("{2150E333-8FDC-42A3-9474-1A3956D46DE8}") = "MultiThreading Demo", "MultiThreading Demo", "{D569A6AE-841C-4A30-8B64-0579A7E8BF2B}"
EndProject
Project("{9A19103F-16F7-4668-BE54-9A1E7A4F7556}") = "MTDemo1", "MTDemo1\MTDemo1.csproj", "{EF5D3702-5C80-40A9-BD21-654AB86869E7}"
EndProject
Project("{9A19103F-16F7-4668-BE54-9A1E7A4F7556}") = "MTDemo2", "MTDemo2\MTDemo2.csproj", "{CBA6D54F-F6F0-4E25-995D-E1A54C9D12AE}"
EndProject
Project("{9A19103F-16F7-4668-BE54-9A1E7A4F7556}") = "WinFormsApp1", "WinFormsApp1\WinFormsApp1.csproj", "{34989B44-2ADA-470B-9C9E-D06A847C26E9}"
EndProject
Project("{9A19103F-16F7-4668-BE54-9A1E7A4F7556}") = "MTDemo4", "MTDemo4\MTDemo4.csproj", "{3A5A122A-4BA7-4673-B782-A53F1DEA3BC1}"
EndProject
Project("{9A19103F-16F7-4668-BE54-9A1E7A4F7556}") = "MTDemo5", "MTDemo5\MTDemo5.csproj", "{FCAA9D5F-F30D-48A7-840A-49C2539A5A2E}"
EndProject
Project("{9A19103F-16F7-4668-BE54-9A1E7A4F7556}") = "WebApplication1", "WebApplication1\WebApplication1.csproj", "{BDD4DD08-8D1C-4F78-A820-DA5E49C7F3D8}"
EndProject
Project("{9A19103F-16F7-4668-BE54-9A1E7A4F7556}") = "DPDemo", "DPDemo\DPDemo.csproj", "{6FC6AE9F-2DBF-40EE-ADF9-8B528C94C617}"
EndProject
Project("{2150E333-8FDC-42A3-9474-1A3956D46DE8}") = "Linq Demos", "Linq Demos", "{65CE1314-A840-440B-A6ED-99EA1D71A90F}"
EndProject
Project("{FAE04EC0-301F-11D3-BF4B-00C04F79EFBC}") = "LinqToObjectsDemo1", "LinqToObjectsDemo1\LinqToObjectsDemo1.csproj", "{CA4D3159-A69B-4632-8C52-66AA8134A232}"
EndProject
Project("{FAE04EC0-301F-11D3-BF4B-00C04F79EFBC}") = "LinqDemo2", "LinqDemo2\LinqDemo2.csproj", "{AD4E6B9B-4805-448A-AC13-1D09099B2C19}"
EndProject
Project("{FAE04EC0-301F-11D3-BF4B-00C04F79EFBC}") = "LinqDemo3", "LinqDemo3\LinqDemo3.csproj", "{990EBA37-F23F-45EB-B724-4CB54961D321}"
EndProject
Project("{FAE04EC0-301F-11D3-BF4B-00C04F79EFBC}") = "LinqDemo5", "LinqDemo5\LinqDemo5.csproj", "{9574EAEB-571E-4EF6-8B08-0DB677A0E4DF}"
EndProject
Project("{FAE04EC0-301F-11D3-BF4B-00C04F79EFBC}") = "LinqDemo6", "LinqDemo6\LinqDemo6.csproj", "{4F896920-0033-4671-9351-06F866288C75}"
EndProject
Global
	GlobalSection(SolutionConfigurationPlatforms) = preSolution
		Debug|Any CPU = Debug|Any CPU
		Release|Any CPU = Release|Any CPU
	EndGlobalSection
	GlobalSection(ProjectConfigurationPlatforms) = postSolution
		{44084795-17B4-4864-B120-B22DDC66F6F5}.Debug|Any CPU.ActiveCfg = Debug|Any CPU
		{44084795-17B4-4864-B120-B22DDC66F6F5}.Debug|Any CPU.Build.0 = Debug|Any CPU
		{44084795-17B4-4864-B120-B22DDC66F6F5}.Release|Any CPU.ActiveCfg = Release|Any CPU
		{44084795-17B4-4864-B120-B22DDC66F6F5}.Release|Any CPU.Build.0 = Release|Any CPU
		{D064272E-A9B1-4A19-B092-6BBA9854471E}.Debug|Any CPU.ActiveCfg = Debug|Any CPU
		{D064272E-A9B1-4A19-B092-6BBA9854471E}.Debug|Any CPU.Build.0 = Debug|Any CPU
		{D064272E-A9B1-4A19-B092-6BBA9854471E}.Release|Any CPU.ActiveCfg = Release|Any CPU
		{D064272E-A9B1-4A19-B092-6BBA9854471E}.Release|Any CPU.Build.0 = Release|Any CPU
		{1DC9CBA5-E148-4CA0-A8E5-E640B509CBFD}.Debug|Any CPU.ActiveCfg = Debug|Any CPU
		{1DC9CBA5-E148-4CA0-A8E5-E640B509CBFD}.Debug|Any CPU.Build.0 = Debug|Any CPU
		{1DC9CBA5-E148-4CA0-A8E5-E640B509CBFD}.Release|Any CPU.ActiveCfg = Release|Any CPU
		{1DC9CBA5-E148-4CA0-A8E5-E640B509CBFD}.Release|Any CPU.Build.0 = Release|Any CPU
		{4754C437-D776-490A-9205-4B6F56DBFF7B}.Debug|Any CPU.ActiveCfg = Debug|Any CPU
		{4754C437-D776-490A-9205-4B6F56DBFF7B}.Debug|Any CPU.Build.0 = Debug|Any CPU
		{4754C437-D776-490A-9205-4B6F56DBFF7B}.Release|Any CPU.ActiveCfg = Release|Any CPU
		{4754C437-D776-490A-9205-4B6F56DBFF7B}.Release|Any CPU.Build.0 = Release|Any CPU
		{59504620-5C70-4222-B2FC-EE0075D20BA2}.Debug|Any CPU.ActiveCfg = Debug|Any CPU
		{59504620-5C70-4222-B2FC-EE0075D20BA2}.Debug|Any CPU.Build.0 = Debug|Any CPU
		{59504620-5C70-4222-B2FC-EE0075D20BA2}.Release|Any CPU.ActiveCfg = Release|Any CPU
		{59504620-5C70-4222-B2FC-EE0075D20BA2}.Release|Any CPU.Build.0 = Release|Any CPU
		{1A4835E5-2DF9-4E32-B534-71F052FAA007}.Debug|Any CPU.ActiveCfg = Debug|Any CPU
		{1A4835E5-2DF9-4E32-B534-71F052FAA007}.Debug|Any CPU.Build.0 = Debug|Any CPU
		{1A4835E5-2DF9-4E32-B534-71F052FAA007}.Release|Any CPU.ActiveCfg = Release|Any CPU
		{1A4835E5-2DF9-4E32-B534-71F052FAA007}.Release|Any CPU.Build.0 = Release|Any CPU
		{714BF950-B662-4895-A261-44C7C4468F65}.Debug|Any CPU.ActiveCfg = Debug|Any CPU
		{714BF950-B662-4895-A261-44C7C4468F65}.Debug|Any CPU.Build.0 = Debug|Any CPU
		{714BF950-B662-4895-A261-44C7C4468F65}.Release|Any CPU.ActiveCfg = Release|Any CPU
		{714BF950-B662-4895-A261-44C7C4468F65}.Release|Any CPU.Build.0 = Release|Any CPU
		{32E60E6D-94E7-4F11-9AFA-A42844B180A5}.Debug|Any CPU.ActiveCfg = Debug|Any CPU
		{32E60E6D-94E7-4F11-9AFA-A42844B180A5}.Debug|Any CPU.Build.0 = Debug|Any CPU
		{32E60E6D-94E7-4F11-9AFA-A42844B180A5}.Release|Any CPU.ActiveCfg = Release|Any CPU
		{32E60E6D-94E7-4F11-9AFA-A42844B180A5}.Release|Any CPU.Build.0 = Release|Any CPU
		{7864277D-4CB8-4469-85A4-207E41D4139B}.Debug|Any CPU.ActiveCfg = Debug|Any CPU
		{7864277D-4CB8-4469-85A4-207E41D4139B}.Debug|Any CPU.Build.0 = Debug|Any CPU
		{7864277D-4CB8-4469-85A4-207E41D4139B}.Release|Any CPU.ActiveCfg = Release|Any CPU
		{7864277D-4CB8-4469-85A4-207E41D4139B}.Release|Any CPU.Build.0 = Release|Any CPU
		{175486C9-F879-46DD-A232-36889CBEC031}.Debug|Any CPU.ActiveCfg = Debug|Any CPU
		{175486C9-F879-46DD-A232-36889CBEC031}.Debug|Any CPU.Build.0 = Debug|Any CPU
		{175486C9-F879-46DD-A232-36889CBEC031}.Release|Any CPU.ActiveCfg = Release|Any CPU
		{175486C9-F879-46DD-A232-36889CBEC031}.Release|Any CPU.Build.0 = Release|Any CPU
		{7F80EBA3-4183-4307-8B44-254A3733D13F}.Debug|Any CPU.ActiveCfg = Debug|Any CPU
		{7F80EBA3-4183-4307-8B44-254A3733D13F}.Debug|Any CPU.Build.0 = Debug|Any CPU
		{7F80EBA3-4183-4307-8B44-254A3733D13F}.Release|Any CPU.ActiveCfg = Release|Any CPU
		{7F80EBA3-4183-4307-8B44-254A3733D13F}.Release|Any CPU.Build.0 = Release|Any CPU
		{C0480B14-CDC7-4CAF-B6DE-FBD8AA6A9DE1}.Debug|Any CPU.ActiveCfg = Debug|Any CPU
		{C0480B14-CDC7-4CAF-B6DE-FBD8AA6A9DE1}.Debug|Any CPU.Build.0 = Debug|Any CPU
		{C0480B14-CDC7-4CAF-B6DE-FBD8AA6A9DE1}.Release|Any CPU.ActiveCfg = Release|Any CPU
		{C0480B14-CDC7-4CAF-B6DE-FBD8AA6A9DE1}.Release|Any CPU.Build.0 = Release|Any CPU
		{DC5EE36A-17D4-445F-BC43-0BF2981E9F91}.Debug|Any CPU.ActiveCfg = Debug|Any CPU
		{DC5EE36A-17D4-445F-BC43-0BF2981E9F91}.Debug|Any CPU.Build.0 = Debug|Any CPU
		{DC5EE36A-17D4-445F-BC43-0BF2981E9F91}.Release|Any CPU.ActiveCfg = Release|Any CPU
		{DC5EE36A-17D4-445F-BC43-0BF2981E9F91}.Release|Any CPU.Build.0 = Release|Any CPU
		{EF5D3702-5C80-40A9-BD21-654AB86869E7}.Debug|Any CPU.ActiveCfg = Debug|Any CPU
		{EF5D3702-5C80-40A9-BD21-654AB86869E7}.Debug|Any CPU.Build.0 = Debug|Any CPU
		{EF5D3702-5C80-40A9-BD21-654AB86869E7}.Release|Any CPU.ActiveCfg = Release|Any CPU
		{EF5D3702-5C80-40A9-BD21-654AB86869E7}.Release|Any CPU.Build.0 = Release|Any CPU
		{CBA6D54F-F6F0-4E25-995D-E1A54C9D12AE}.Debug|Any CPU.ActiveCfg = Debug|Any CPU
		{CBA6D54F-F6F0-4E25-995D-E1A54C9D12AE}.Debug|Any CPU.Build.0 = Debug|Any CPU
		{CBA6D54F-F6F0-4E25-995D-E1A54C9D12AE}.Release|Any CPU.ActiveCfg = Release|Any CPU
		{CBA6D54F-F6F0-4E25-995D-E1A54C9D12AE}.Release|Any CPU.Build.0 = Release|Any CPU
		{34989B44-2ADA-470B-9C9E-D06A847C26E9}.Debug|Any CPU.ActiveCfg = Debug|Any CPU
		{34989B44-2ADA-470B-9C9E-D06A847C26E9}.Debug|Any CPU.Build.0 = Debug|Any CPU
		{34989B44-2ADA-470B-9C9E-D06A847C26E9}.Release|Any CPU.ActiveCfg = Release|Any CPU
		{34989B44-2ADA-470B-9C9E-D06A847C26E9}.Release|Any CPU.Build.0 = Release|Any CPU
		{3A5A122A-4BA7-4673-B782-A53F1DEA3BC1}.Debug|Any CPU.ActiveCfg = Debug|Any CPU
		{3A5A122A-4BA7-4673-B782-A53F1DEA3BC1}.Debug|Any CPU.Build.0 = Debug|Any CPU
		{3A5A122A-4BA7-4673-B782-A53F1DEA3BC1}.Release|Any CPU.ActiveCfg = Release|Any CPU
		{3A5A122A-4BA7-4673-B782-A53F1DEA3BC1}.Release|Any CPU.Build.0 = Release|Any CPU
		{FCAA9D5F-F30D-48A7-840A-49C2539A5A2E}.Debug|Any CPU.ActiveCfg = Debug|Any CPU
		{FCAA9D5F-F30D-48A7-840A-49C2539A5A2E}.Debug|Any CPU.Build.0 = Debug|Any CPU
		{FCAA9D5F-F30D-48A7-840A-49C2539A5A2E}.Release|Any CPU.ActiveCfg = Release|Any CPU
		{FCAA9D5F-F30D-48A7-840A-49C2539A5A2E}.Release|Any CPU.Build.0 = Release|Any CPU
		{BDD4DD08-8D1C-4F78-A820-DA5E49C7F3D8}.Debug|Any CPU.ActiveCfg = Debug|Any CPU
		{BDD4DD08-8D1C-4F78-A820-DA5E49C7F3D8}.Debug|Any CPU.Build.0 = Debug|Any CPU
		{BDD4DD08-8D1C-4F78-A820-DA5E49C7F3D8}.Release|Any CPU.ActiveCfg = Release|Any CPU
		{BDD4DD08-8D1C-4F78-A820-DA5E49C7F3D8}.Release|Any CPU.Build.0 = Release|Any CPU
		{6FC6AE9F-2DBF-40EE-ADF9-8B528C94C617}.Debug|Any CPU.ActiveCfg = Debug|Any CPU
		{6FC6AE9F-2DBF-40EE-ADF9-8B528C94C617}.Debug|Any CPU.Build.0 = Debug|Any CPU
		{6FC6AE9F-2DBF-40EE-ADF9-8B528C94C617}.Release|Any CPU.ActiveCfg = Release|Any CPU
		{6FC6AE9F-2DBF-40EE-ADF9-8B528C94C617}.Release|Any CPU.Build.0 = Release|Any CPU
		{CA4D3159-A69B-4632-8C52-66AA8134A232}.Debug|Any CPU.ActiveCfg = Debug|Any CPU
		{CA4D3159-A69B-4632-8C52-66AA8134A232}.Debug|Any CPU.Build.0 = Debug|Any CPU
		{CA4D3159-A69B-4632-8C52-66AA8134A232}.Release|Any CPU.ActiveCfg = Release|Any CPU
		{CA4D3159-A69B-4632-8C52-66AA8134A232}.Release|Any CPU.Build.0 = Release|Any CPU
		{AD4E6B9B-4805-448A-AC13-1D09099B2C19}.Debug|Any CPU.ActiveCfg = Debug|Any CPU
		{AD4E6B9B-4805-448A-AC13-1D09099B2C19}.Debug|Any CPU.Build.0 = Debug|Any CPU
		{AD4E6B9B-4805-448A-AC13-1D09099B2C19}.Release|Any CPU.ActiveCfg = Release|Any CPU
		{AD4E6B9B-4805-448A-AC13-1D09099B2C19}.Release|Any CPU.Build.0 = Release|Any CPU
		{990EBA37-F23F-45EB-B724-4CB54961D321}.Debug|Any CPU.ActiveCfg = Debug|Any CPU
		{990EBA37-F23F-45EB-B724-4CB54961D321}.Debug|Any CPU.Build.0 = Debug|Any CPU
		{990EBA37-F23F-45EB-B724-4CB54961D321}.Release|Any CPU.ActiveCfg = Release|Any CPU
		{990EBA37-F23F-45EB-B724-4CB54961D321}.Release|Any CPU.Build.0 = Release|Any CPU
		{9574EAEB-571E-4EF6-8B08-0DB677A0E4DF}.Debug|Any CPU.ActiveCfg = Debug|Any CPU
		{9574EAEB-571E-4EF6-8B08-0DB677A0E4DF}.Debug|Any CPU.Build.0 = Debug|Any CPU
		{9574EAEB-571E-4EF6-8B08-0DB677A0E4DF}.Release|Any CPU.ActiveCfg = Release|Any CPU
		{9574EAEB-571E-4EF6-8B08-0DB677A0E4DF}.Release|Any CPU.Build.0 = Release|Any CPU
		{4F896920-0033-4671-9351-06F866288C75}.Debug|Any CPU.ActiveCfg = Debug|Any CPU
		{4F896920-0033-4671-9351-06F866288C75}.Debug|Any CPU.Build.0 = Debug|Any CPU
		{4F896920-0033-4671-9351-06F866288C75}.Release|Any CPU.ActiveCfg = Release|Any CPU
		{4F896920-0033-4671-9351-06F866288C75}.Release|Any CPU.Build.0 = Release|Any CPU
	EndGlobalSection
	GlobalSection(SolutionProperties) = preSolution
		HideSolutionNode = FALSE
	EndGlobalSection
	GlobalSection(NestedProjects) = preSolution
		{7864277D-4CB8-4469-85A4-207E41D4139B} = {428F19A0-CB9B-458A-B3D6-F56F2E3FB979}
		{175486C9-F879-46DD-A232-36889CBEC031} = {428F19A0-CB9B-458A-B3D6-F56F2E3FB979}
		{7F80EBA3-4183-4307-8B44-254A3733D13F} = {207A9831-40C4-4AB2-94E7-F0701165BD46}
		{C0480B14-CDC7-4CAF-B6DE-FBD8AA6A9DE1} = {207A9831-40C4-4AB2-94E7-F0701165BD46}
		{DC5EE36A-17D4-445F-BC43-0BF2981E9F91} = {207A9831-40C4-4AB2-94E7-F0701165BD46}
		{EF5D3702-5C80-40A9-BD21-654AB86869E7} = {D569A6AE-841C-4A30-8B64-0579A7E8BF2B}
		{CBA6D54F-F6F0-4E25-995D-E1A54C9D12AE} = {D569A6AE-841C-4A30-8B64-0579A7E8BF2B}
		{34989B44-2ADA-470B-9C9E-D06A847C26E9} = {D569A6AE-841C-4A30-8B64-0579A7E8BF2B}
		{3A5A122A-4BA7-4673-B782-A53F1DEA3BC1} = {D569A6AE-841C-4A30-8B64-0579A7E8BF2B}
		{FCAA9D5F-F30D-48A7-840A-49C2539A5A2E} = {D569A6AE-841C-4A30-8B64-0579A7E8BF2B}
		{CA4D3159-A69B-4632-8C52-66AA8134A232} = {65CE1314-A840-440B-A6ED-99EA1D71A90F}
		{AD4E6B9B-4805-448A-AC13-1D09099B2C19} = {65CE1314-A840-440B-A6ED-99EA1D71A90F}
		{990EBA37-F23F-45EB-B724-4CB54961D321} = {65CE1314-A840-440B-A6ED-99EA1D71A90F}
		{9574EAEB-571E-4EF6-8B08-0DB677A0E4DF} = {65CE1314-A840-440B-A6ED-99EA1D71A90F}
		{4F896920-0033-4671-9351-06F866288C75} = {65CE1314-A840-440B-A6ED-99EA1D71A90F}
	EndGlobalSection
	GlobalSection(ExtensibilityGlobals) = postSolution
		SolutionGuid = {31468EB6-2DB2-40A7-8301-CFC60DF1E488}
	EndGlobalSection
EndGlobal
